
Microsoft Visual Studio Solution File, Format Version 12.00
# Visual Studio Version 17
VisualStudioVersion = 17.1.32328.378
MinimumVisualStudioVersion = 10.0.40219.1
Project("{FAE04EC0-301F-11D3-BF4B-00C04F79EFBC}") = "BlazorAppWithTimer", "BlazorAppWithTimer\BlazorAppWithTimer.csproj", "{D2931B06-E2E7-4DD0-92A9-57AC01960435}"
EndProject
Global
	GlobalSection(SolutionConfigurationPlatforms) = preSolution
		Debug|Any CPU = Debug|Any CPU
		Release|Any CPU = Release|Any CPU
	EndGlobalSection
	GlobalSection(ProjectConfigurationPlatforms) = postSolution
		{D2931B06-E2E7-4DD0-92A9-57AC01960435}.Debug|Any CPU.ActiveCfg = Debug|Any CPU
		{D2931B06-E2E7-4DD0-92A9-57AC01960435}.Debug|Any CPU.Build.0 = Debug|Any CPU
		{D2931B06-E2E7-4DD0-92A9-57AC01960435}.Release|Any CPU.ActiveCfg = Release|Any CPU
		{D2931B06-E2E7-4DD0-92A9-57AC01960435}.Release|Any CPU.Build.0 = Release|Any CPU
	EndGlobalSection
	GlobalSection(SolutionProperties) = preSolution
		HideSolutionNode = FALSE
	EndGlobalSection
	GlobalSection(ExtensibilityGlobals) = postSolution
		SolutionGuid = {1434FF75-AA7B-4B64-A310-526E0EC320EE}
	EndGlobalSection
EndGlobal
